
Microsoft Visual Studio Solution File, Format Version 12.00
# Visual Studio Version 17
VisualStudioVersion = 17.7.34031.279
MinimumVisualStudioVersion = 10.0.40219.1
Project("{FAE04EC0-301F-11D3-BF4B-00C04F79EFBC}") = "Avtorizaciya", "Avtorizaciya\Avtorizaciya.csproj", "{3EE98555-5463-46B6-88E0-5197A965DAE9}"
EndProject
Global
	GlobalSection(SolutionConfigurationPlatforms) = preSolution
		Debug|Any CPU = Debug|Any CPU
		Release|Any CPU = Release|Any CPU
	EndGlobalSection
	GlobalSection(ProjectConfigurationPlatforms) = postSolution
		{3EE98555-5463-46B6-88E0-5197A965DAE9}.Debug|Any CPU.ActiveCfg = Debug|Any CPU
		{3EE98555-5463-46B6-88E0-5197A965DAE9}.Debug|Any CPU.Build.0 = Debug|Any CPU
		{3EE98555-5463-46B6-88E0-5197A965DAE9}.Release|Any CPU.ActiveCfg = Release|Any CPU
		{3EE98555-5463-46B6-88E0-5197A965DAE9}.Release|Any CPU.Build.0 = Release|Any CPU
	EndGlobalSection
	GlobalSection(SolutionProperties) = preSolution
		HideSolutionNode = FALSE
	EndGlobalSection
	GlobalSection(ExtensibilityGlobals) = postSolution
		SolutionGuid = {CB08F41C-45F4-4490-8CF1-86E5DAFA6B76}
	EndGlobalSection
EndGlobal
